
Microsoft Visual Studio Solution File, Format Version 12.00
# Visual Studio 15
VisualStudioVersion = 15.0.28307.489
MinimumVisualStudioVersion = 10.0.40219.1
Project("{FAE04EC0-301F-11D3-BF4B-00C04F79EFBC}") = "BudgetConsole", "BudgetConsole.csproj", "{24C81D9F-8402-49DC-9B0A-062A62951CAA}"
EndProject
Global
	GlobalSection(SolutionConfigurationPlatforms) = preSolution
		Debug|Any CPU = Debug|Any CPU
		Release|Any CPU = Release|Any CPU
	EndGlobalSection
	GlobalSection(ProjectConfigurationPlatforms) = postSolution
		{24C81D9F-8402-49DC-9B0A-062A62951CAA}.Debug|Any CPU.ActiveCfg = Debug|Any CPU
		{24C81D9F-8402-49DC-9B0A-062A62951CAA}.Debug|Any CPU.Build.0 = Debug|Any CPU
		{24C81D9F-8402-49DC-9B0A-062A62951CAA}.Release|Any CPU.ActiveCfg = Release|Any CPU
		{24C81D9F-8402-49DC-9B0A-062A62951CAA}.Release|Any CPU.Build.0 = Release|Any CPU
	EndGlobalSection
	GlobalSection(SolutionProperties) = preSolution
		HideSolutionNode = FALSE
	EndGlobalSection
	GlobalSection(ExtensibilityGlobals) = postSolution
		SolutionGuid = {7B6EF97F-87B3-49B1-83E1-9822AE751E02}
	EndGlobalSection
EndGlobal
